
Microsoft Visual Studio Solution File, Format Version 12.00
# Visual Studio 15
VisualStudioVersion = 15.0.28010.2036
MinimumVisualStudioVersion = 10.0.40219.1
Project("{FAE04EC0-301F-11D3-BF4B-00C04F79EFBC}") = "Lession2", "Lession2\Lession2.csproj", "{0B391E93-3786-4FE3-A31C-29E6CDEE2C01}"
EndProject
Global
	GlobalSection(SolutionConfigurationPlatforms) = preSolution
		Debug|Any CPU = Debug|Any CPU
		Release|Any CPU = Release|Any CPU
	EndGlobalSection
	GlobalSection(ProjectConfigurationPlatforms) = postSolution
		{0B391E93-3786-4FE3-A31C-29E6CDEE2C01}.Debug|Any CPU.ActiveCfg = Debug|Any CPU
		{0B391E93-3786-4FE3-A31C-29E6CDEE2C01}.Debug|Any CPU.Build.0 = Debug|Any CPU
		{0B391E93-3786-4FE3-A31C-29E6CDEE2C01}.Release|Any CPU.ActiveCfg = Release|Any CPU
		{0B391E93-3786-4FE3-A31C-29E6CDEE2C01}.Release|Any CPU.Build.0 = Release|Any CPU
	EndGlobalSection
	GlobalSection(SolutionProperties) = preSolution
		HideSolutionNode = FALSE
	EndGlobalSection
	GlobalSection(ExtensibilityGlobals) = postSolution
		SolutionGuid = {DA1D4134-5267-406E-B9EA-915DA7FA5AA7}
	EndGlobalSection
EndGlobal
